lockfileVersion: '9.0'

settings:
  autoInstallPeers: true
  excludeLinksFromLockfile: false

importers:

  .:
    dependencies:
      '@aws-sdk/client-s3':
        specifier: ^3.1048.0
        version: 3.1098.0
      '@smithy/node-http-handler':
        specifier: ^4.7.3
        version: 4.9.13
      hpagent:
        specifier: ^1.2.0
        version: 1.2.0
    devDependencies:
      esbuild:
        specifier: ^0.28.0
        version: 0.28.1

packages:

  '@aws-sdk/checksums@3.1000.24':
    resolution: {integrity: sha512-7TWLjypP8kk3savsDBRuhZJx7mBuFFA2136BQhwwLllsAnO4Tmq/p+SXZaNxbuulkzUFz3BZzj0bb4YzexZcNQ==}
    engines: {node: '>=20.0.0'}

  '@aws-sdk/client-s3@3.1098.0':
    resolution: {integrity: sha512-6Z53QG2jdujsCt3eHO2cjCpdfvz2Pgs+hP/NINuGONZUJmdrHLLDvWM9F114Yq0NPIGtk+yA/GCjG3XiUhw+gA==}
    engines: {node: '>=20.0.0'}

  '@aws-sdk/core@3.977.4':
    resolution: {integrity: sha512-CEkcQlMOQJCvul60U7wdAOACjtdgFWDsfJI+6wUOGdhGNV2lGbuJpi/R50QLpFG3Tp+sQxa/RmzC3X7KHbhuTA==}
    engines: {node: '>=20.0.0'}

  '@aws-sdk/credential-provider-env@3.972.65':
    resolution: {integrity: sha512-lJT2aRw9wCV8jPHyFJjdZLD4HTydL6/22AnCSOB8e/LqOc55nEJGLHkJQeSxhn8QiqyjFwPKQFtMw0ovjRUY/g==}
    engines: {node: '>=20.0.0'}

  '@aws-sdk/credential-provider-http@3.972.67':
    resolution: {integrity: sha512-N7fw/15hSwI/CPxe5ohOyb7O4ge9f5me1gVIn8OIkBRB0squ8OJqQyDyH/HoL+Sb1W5xdC88jVC+bHkw73iu+Q==}
    engines: {node: '>=20.0.0'}

  '@aws-sdk/credential-provider-ini@3.973.10':
    resolution: {integrity: sha512-Zh9XRaPnDN9buO7GfWBubS22R6Nq5D6hbyYEMN05LiOnXugm/8WDjUx6y756bSPbdn3aJB2qG4zFW3bN82QhoQ==}
    engines: {node: '>=20.0.0'}

  '@aws-sdk/credential-provider-login@3.972.72':
    resolution: {integrity: sha512-zZapIKwaHp7TdTf9hbH1I3CVUdEupmt7FXO/BoTQGC+4h6NkXKWpqF2p5WyfpjurDLHCpSyh+BzMlAg8arqWLA==}
    engines: {node: '>=20.0.0'}

  '@aws-sdk/credential-provider-node@3.972.76':
    resolution: {integrity: sha512-1yzLmRiYSgGC25v7ZZEwJn/auhHHTIHgFOmzL2f36hf1+7jSLcX+1QrAz4760WEzPiiQl8xmlpFhHfl2OoyVzA==}
    engines: {node: '>=20.0.0'}

  '@aws-sdk/credential-provider-process@3.972.65':
    resolution: {integrity: sha512-e5DbbNteOSalN58U83G6kFa4ECLEuGbGqNBHIXE7zYXA/m4GHblIGjFbSH7wYv6gBV8iNSDcRZBKfQZF5vF9nw==}
    engines: {node: '>=20.0.0'}

  '@aws-sdk/credential-provider-sso@3.973.9':
    resolution: {integrity: sha512-0V0u4t+KBku9fbh5CPCaC5hUWwSzDafp8nCuDy817zWbp2gz80jO44rMQkiwnZ+k54B+tjAtzRy00DJRGTKGBg==}
    engines: {node: '>=20.0.0'}

  '@aws-sdk/credential-provider-web-identity@3.972.71':
    resolution: {integrity: sha512-e4dwiRltGAaQ+2yxw57Hj0l/BF3BHiG14+QpYE7bGYBlpAq/fkIri2BDhjWon8c0mhhtd2txQBAkQb9BcTStFg==}
    engines: {node: '>=20.0.0'}

  '@aws-sdk/middleware-sdk-s3@3.972.70':
    resolution: {integrity: sha512-APdP0iODt39AkjCjzTFIoFrxDH/Cz3CpWRDKLcsJg7eOnfE1htkxL9BhDoe/xL7cXdoMwh2HBYv3DiT1uf64NQ==}
    engines: {node: '>=20.0.0'}

  '@aws-sdk/nested-clients@3.997.39':
    resolution: {integrity: sha512-wU5NPnj62Sb7A8xn/Zb+xThe05P3otNtDl37iOIi5DDMeCesNeCckaG+eXWGUs12Z9R34I8CD05TaTe6SIa61g==}
    engines: {node: '>=20.0.0'}

  '@aws-sdk/signature-v4-multi-region@3.996.43':
    resolution: {integrity: sha512-lKekx8bLBXSv4O+cslk9Zfnw2XKSkWBs3uWL5QGhH2ZAQfNS7FE0vcSSN2vD/AhxX54ZTywWxR4STThoeOXlBA==}
    engines: {node: '>=20.0.0'}

  '@aws-sdk/token-providers@3.1100.0':
    resolution: {integrity: sha512-THf3MkgY3fNJZ3zdgSenLqR7gSE68KccCj1RCKretlG73Ppszvues02VpCUO9NlB/tZDC483FvGCld+AiPCkvg==}
    engines: {node: '>=20.0.0'}

  '@aws-sdk/types@3.974.2':
    resolution: {integrity: sha512-3W6IUtSxFbH6X7Wb7DzGCV5QiFQsd0g8bOfntpmDxQlzBoKWUMBu/JPQR0DwkE+Hpnxd6db1tXbOwdeHddG6cA==}
    engines: {node: '>=20.0.0'}

  '@aws-sdk/xml-builder@3.972.37':
    resolution: {integrity: sha512-zKq4HQum8JwDyEuyfuI4bbiAcU0KxP6qy+9PR/IsR92IyE/DaBAikzAS50tjxip4bqIIANpCcG+Yyj6CVhXupg==}
    engines: {node: '>=20.0.0'}

  '@aws/lambda-invoke-store@0.3.0':
    resolution: {integrity: sha512-sl4Bm6yiMNYrZKkqqDFWN0UfnWhlS8ivKxrYl+6t0gCLrqr8y3B2IqZZbFRkfaVVp7C/baApyh71P+LeE1A2sQ==}
    engines: {node: '>=18.0.0'}

  '@esbuild/aix-ppc64@0.28.1':
    resolution: {integrity: sha512-Svl7tq8k/08+p6CXPpRjQ1fKX+1odH/BQbb48fV6fj3CWHhsoIOoY87w1oHXm0qEpkIK3ZfVgp0hed3XBXzXMQ==}
    engines: {node: '>=18'}
    cpu: [ppc64]
    os: [aix]

  '@esbuild/android-arm64@0.28.1':
    resolution: {integrity: sha512-34EGEbCIAgosYz6goLcopX6Mo7NyGv9tfwEM2/7Ce2VcVRk568iSvniGWcUXIy7wEDR1wzolcxcriFVrWYcwBg==}
    engines: {node: '>=18'}
    cpu: [arm64]
    os: [android]

  '@esbuild/android-arm@0.28.1':
    resolution: {integrity: sha512-0k2F129Xdio1TdJfzJ8sy1Q47vUD2NnwdhiAf7drUN1EBTfPf4hsFCtmMgu/6m8JSzsBrlmVjudMBQqOfG8usQ==}
    engines: {node: '>=18'}
    cpu: [arm]
    os: [android]

  '@esbuild/android-x64@0.28.1':
    resolution: {integrity: sha512-dbwY7ltSMDWsRatcRpCnES4F+im88OCUgGZjy52shC7GqHRE/cYlxNbB4Z4UpJswpcc4Qxd2oE/ufM0p61IKng==}
    engines: {node: '>=18'}
    cpu: [x64]
    os: [android]

  '@esbuild/darwin-arm64@0.28.1':
    resolution: {integrity: sha512-TZbWkQY7kvTAXbXUT7uVACR5cMHsDiSz9z7ZKAX/RTq/WJEk3QyRr0wZpNhBDX+/0CtdqUIJlOiodQcta6tY3Q==}
    engines: {node: '>=18'}
    cpu: [arm64]
    os: [darwin]

  '@esbuild/darwin-x64@0.28.1':
    resolution: {integrity: sha512-zfdzgK9ACBNZLI/CyHTOx81SyNbM6YXn7rxSgX97VjyiPl9W1i4Ka4fgKECEoFCKGpvBj5qArWIGgQjOwkgskQ==}
    engines: {node: '>=18'}
    cpu: [x64]
    os: [darwin]

  '@esbuild/freebsd-arm64@0.28.1':
    resolution: {integrity: sha512-wG2EA8ENdEI0qhkSZMjfqrdY+ziCYCPMmtZjjIwOmXFjmyzEHn+UUxk5of+SYsjtfs3VpnlC7QLzSI5hY/rOAw==}
    engines: {node: '>=18'}
    cpu: [arm64]
    os: [freebsd]

  '@esbuild/freebsd-x64@0.28.1':
    resolution: {integrity: sha512-i7dZ9vQgnvSCzi/rYCXNgtF/U+eKZNJBzu3eTQbRgHnM7tNSizLOkRFAl3qzVc/Op/u5YkHHa4pf/3DOYHthLQ==}
    engines: {node: '>=18'}
    cpu: [x64]
    os: [freebsd]

  '@esbuild/linux-arm64@0.28.1':
    resolution: {integrity: sha512-yHs+0uc8+nvEAfAfxrWQKK5peSNzBc4PegcMO0EJ2hT71uA7vB8Ihg2e77R2P7SG5uYjPbHlLLmve4LLLRCf0g==}
    engines: {node: '>=18'}
    cpu: [arm64]
    os: [linux]

  '@esbuild/linux-arm@0.28.1':
    resolution: {integrity: sha512-qVXBOHQS+d5Y722GwJzJUtOLlX7km3CraOaGormF1pDtPd2C/l1SHRPgjLunLGe51Sh5YYWKMFDyV4SxgMQYTQ==}
    engines: {node: '>=18'}
    cpu: [arm]
    os: [linux]

  '@esbuild/linux-ia32@0.28.1':
    resolution: {integrity: sha512-d1z4ZuP0ajrfz/FhGT4vv278rX8KnPPJx8i5+AtK7TYbx9Le9F1hyzurZpkEyjkGa9dUGhQow4C1NmeGvqxN2w==}
    engines: {node: '>=18'}
    cpu: [ia32]
    os: [linux]

  '@esbuild/linux-loong64@0.28.1':
    resolution: {integrity: sha512-M5sRjUVZrkm1OAPR3dlOYzNmN+loZKGVi1VUQGrwuqLcbR6qeAz+famMhjASeH3YVKvZz+zT1jlh/keC3Rj/lg==}
    engines: {node: '>=18'}
    cpu: [loong64]
    os: [linux]

  '@esbuild/linux-mips64el@0.28.1':
    resolution: {integrity: sha512-mRObBZeHh2OxcBFPWE/FjylkRgZdYuiTR3vaTozquCGOH14iP9oN4x4Ge81CoIDYQrXmIxpFumJBu5MtZpnQJQ==}
    engines: {node: '>=18'}
    cpu: [mips64el]
    os: [linux]

  '@esbuild/linux-ppc64@0.28.1':
    resolution: {integrity: sha512-slScBsMAb3GFDcdrCgLwZtPYRoH2H/youv10QiZyRjmsP48fznoveWytSgCI/R0ZcUgpc0ZhIUEx6LHts8yrfQ==}
    engines: {node: '>=18'}
    cpu: [ppc64]
    os: [linux]

  '@esbuild/linux-riscv64@0.28.1':
    resolution: {integrity: sha512-kw0owk1o0GFETUJyW0jc0G4Yzs0BHZn0JDZ8JRT088vjJYX777BAs1fDGxAC+q831qOs2DTC96mNsG2opdfyyQ==}
    engines: {node: '>=18'}
    cpu: [riscv64]
    os: [linux]

  '@esbuild/linux-s390x@0.28.1':
    resolution: {integrity: sha512-/lAIjX8aYFRByhh6L5rYtPEDRqa9de/4V/juOXcta5frjvzXO4/sqEtyytse0g3zZFuWu5cDN0MkLz2qRDD2Ag==}
    engines: {node: '>=18'}
    cpu: [s390x]
    os: [linux]

  '@esbuild/linux-x64@0.28.1':
    resolution: {integrity: sha512-u/anNYF2mmVOEDwLtnQ1wOr3EZ9sTNGLWrsYGYwHWzGA3Si84IOkHXlbWTD1NB+9/1lcnweYKO54uhxZydNzfA==}
    engines: {node: '>=18'}
    cpu: [x64]
    os: [linux]

  '@esbuild/netbsd-arm64@0.28.1':
    resolution: {integrity: sha512-oks0DYbLwWMmaakTsCb+zL4E+aHRVLom9IJZOAthMQEPiQmydXHkziYEsGYRx0uNV/IjEKGAV941JzH02pflqw==}
    engines: {node: '>=18'}
    cpu: [arm64]
    os: [netbsd]

  '@esbuild/netbsd-x64@0.28.1':
    resolution: {integrity: sha512-aeL6lAnN89Hz43Mlh1G8ARasbuoYvSITDEx0tHh5b7jJnHcssqgjy9Yx430GDpmCa6OyrKoS0aNRjKundRizGg==}
    engines: {node: '>=18'}
    cpu: [x64]
    os: [netbsd]

  '@esbuild/openbsd-arm64@0.28.1':
    resolution: {integrity: sha512-MEFJe5C3R8pwXdZ5Y21oo6m7ePiS0d9pWucn99O/wvyJZChoIQKrQDxKrGeW8F5+T0okTHesAmDeiHDTIq0V/Q==}
    engines: {node: '>=18'}
    cpu: [arm64]
    os: [openbsd]

  '@esbuild/openbsd-x64@0.28.1':
    resolution: {integrity: sha512-i/ZLIOafE0Z8cI/XANJAixoJL/uRAoS2xOA3rb0xN+KK0K177cMAsQYkzHtBrtMXAKuAc7HGgcWiZ/sRC1Nxgw==}
    engines: {node: '>=18'}
    cpu: [x64]
    os: [openbsd]

  '@esbuild/openharmony-arm64@0.28.1':
    resolution: {integrity: sha512-ge+Z7EXFNt2BO1oAMsVpiQ8EwndV9i1xXerAeTIK7AtPs3bKFXQM7nlRxDSIUIMeueR1CNXxqztLzdNeReKBJg==}
    engines: {node: '>=18'}
    cpu: [arm64]
    os: [openharmony]

  '@esbuild/sunos-x64@0.28.1':
    resolution: {integrity: sha512-BEjgtECkL3vY+SaSQ6nzVfiALUeFxpawyp8Jmf5PtYhf1Ug40N1h/hxlhts+f1FvSvarEigdxS3BlSMI2PJLcQ==}
    engines: {node: '>=18'}
    cpu: [x64]
    os: [sunos]

  '@esbuild/win32-arm64@0.28.1':
    resolution: {integrity: sha512-lCv9eK/H6ZJWbE7bh2nw54CZ9M2nupBxJcTsdk/QQnWkdSjKGuxmmH8/GWrlT1eMmZfn4dGcCjRte397WqfQXA==}
    engines: {node: '>=18'}
    cpu: [arm64]
    os: [win32]

  '@esbuild/win32-ia32@0.28.1':
    resolution: {integrity: sha512-zvb/mB2bSCoJOpoCBgYKKpX6YM6mJBlBUVUtVj41DlZJVEB6/0CKlRYxP5wWl1C1ILiCoAU5wZZ4q1P3qeS6Eg==}
    engines: {node: '>=18'}
    cpu: [ia32]
    os: [win32]

  '@esbuild/win32-x64@0.28.1':
    resolution: {integrity: sha512-bm4Mowrv+GXMlpWX++EcXw/iLyd1o3+bJkC2DkWXYVvgZCqD/bSj9ctZeAMC3cIxgjRVR2Dufaiu4YPxr5gW1A==}
    engines: {node: '>=18'}
    cpu: [x64]
    os: [win32]

  '@smithy/core@3.31.1':
    resolution: {integrity: sha512-CyogUINxvi7C7LDsh8Syo6hVJOT9ckz4rG8dRZfTJ8r91HkMY59PnNooaj7WcHyxEkxPfBAmbgztZU+xTo76lg==}
    engines: {node: '>=18.0.0'}

  '@smithy/credential-provider-imds@4.4.16':
    resolution: {integrity: sha512-QfuLWAkLzptffFW980AFeHZFdqds2B64rpEd3uJ6lgs3xVn9QegGMUgUcj+4d7dRrAsya3r58ZKpku97WcFb4w==}
    engines: {node: '>=18.0.0'}

  '@smithy/fetch-http-handler@5.6.13':
    resolution: {integrity: sha512-4fW86pEUOMbrD5nkbyl/tTvPHHWJFbuB2odl6ps9lWfHoXf9HWh3Q/Smh59qH1g7+c/BSZghX6bbUk4gsiMs8A==}
    engines: {node: '>=18.0.0'}

  '@smithy/node-http-handler@4.9.13':
    resolution: {integrity: sha512-Nmd/Nl35zfYrd+a6OO2cDJb3GPh9bgTjIUhcM+JFfjpp8/osCgboDV5nCT1I01Pv6R13eSKDKLSoVa5ZB6Zsfw==}
    engines: {node: '>=18.0.0'}

  '@smithy/signature-v4@5.6.12':
    resolution: {integrity: sha512-I6KLtq3H0qqSuV9vLglfi8puHqzygzWHOnI4z/Rdoo+q50vvo18vBRdPAvvEtcaKROz7Zn6qnPa14kRfPH6PcQ==}
    engines: {node: '>=18.0.0'}

  '@smithy/types@4.16.1':
    resolution: {integrity: sha512-0JFs3V2y2M9tKW5na/qxe69Zv+uxLMO7QBbhxF/FHu/Gp2NFZAAL9tWl9PU02xxo07pb3G9FTyjNc6D5uZrJIg==}
    engines: {node: '>=18.0.0'}

  bowser@2.14.1:
    resolution: {integrity: sha512-tzPjzCxygAKWFOJP011oxFHs57HzIhOEracIgAePE4pqB3LikALKnSzUyU4MGs9/iCEUuHlAJTjTc5M+u7YEGg==}

  esbuild@0.28.1:
    resolution: {integrity: sha512-HrJrvZv5ayxBzPfwphOoNzkzOIIlifzk0KJrGK2c8R4+LKpMtpYLQeUdjnwjWv/LZlkH2laZk+4w78pi99D4Vw==}
    engines: {node: '>=18'}
    hasBin: true

  hpagent@1.2.0:
    resolution: {integrity: sha512-A91dYTeIB6NoXG+PxTQpCCDDnfHsW9kc06Lvpu1TEe9gnd6ZFeiBoRO9JvzEv6xK7EX97/dUE8g/vBMTqTS3CA==}
    engines: {node: '>=14'}

  tslib@2.8.1:
    resolution: {integrity: sha512-oJFu94HQb+KVduSUQL7wnpmqnfmLsOA/nAh6b6EH0wCEoK0/mPeXU6c3wKDV83MkOuHPRHtSXKKU99IBazS/2w==}

snapshots:

  '@aws-sdk/checksums@3.1000.24':
    dependencies:
      '@aws-sdk/core': 3.977.4
      '@aws-sdk/types': 3.974.2
      '@smithy/core': 3.31.1
      '@smithy/types': 4.16.1
      tslib: 2.8.1

  '@aws-sdk/client-s3@3.1098.0':
    dependencies:
      '@aws-sdk/checksums': 3.1000.24
      '@aws-sdk/core': 3.977.4
      '@aws-sdk/credential-provider-node': 3.972.76
      '@aws-sdk/middleware-sdk-s3': 3.972.70
      '@aws-sdk/signature-v4-multi-region': 3.996.43
      '@aws-sdk/types': 3.974.2
      '@smithy/core': 3.31.1
      '@smithy/fetch-http-handler': 5.6.13
      '@smithy/node-http-handler': 4.9.13
      '@smithy/types': 4.16.1
      tslib: 2.8.1

  '@aws-sdk/core@3.977.4':
    dependencies:
      '@aws-sdk/types': 3.974.2
      '@aws-sdk/xml-builder': 3.972.37
      '@aws/lambda-invoke-store': 0.3.0
      '@smithy/core': 3.31.1
      '@smithy/signature-v4': 5.6.12
      '@smithy/types': 4.16.1
      bowser: 2.14.1
      tslib: 2.8.1

  '@aws-sdk/credential-provider-env@3.972.65':
    dependencies:
      '@aws-sdk/core': 3.977.4
      '@aws-sdk/types': 3.974.2
      '@smithy/core': 3.31.1
      '@smithy/types': 4.16.1
      tslib: 2.8.1

  '@aws-sdk/credential-provider-http@3.972.67':
    dependencies:
      '@aws-sdk/core': 3.977.4
      '@aws-sdk/types': 3.974.2
      '@smithy/core': 3.31.1
      '@smithy/fetch-http-handler': 5.6.13
      '@smithy/node-http-handler': 4.9.13
      '@smithy/types': 4.16.1
      tslib: 2.8.1

  '@aws-sdk/credential-provider-ini@3.973.10':
    dependencies:
      '@aws-sdk/core': 3.977.4
      '@aws-sdk/credential-provider-env': 3.972.65
      '@aws-sdk/credential-provider-http': 3.972.67
      '@aws-sdk/credential-provider-login': 3.972.72
      '@aws-sdk/credential-provider-process': 3.972.65
      '@aws-sdk/credential-provider-sso': 3.973.9
      '@aws-sdk/credential-provider-web-identity': 3.972.71
      '@aws-sdk/nested-clients': 3.997.39
      '@aws-sdk/types': 3.974.2
      '@smithy/core': 3.31.1
      '@smithy/credential-provider-imds': 4.4.16
      '@smithy/types': 4.16.1
      tslib: 2.8.1

  '@aws-sdk/credential-provider-login@3.972.72':
    dependencies:
      '@aws-sdk/core': 3.977.4
      '@aws-sdk/nested-clients': 3.997.39
      '@aws-sdk/types': 3.974.2
      '@smithy/core': 3.31.1
      '@smithy/types': 4.16.1
      tslib: 2.8.1

  '@aws-sdk/credential-provider-node@3.972.76':
    dependencies:
      '@aws-sdk/credential-provider-env': 3.972.65
      '@aws-sdk/credential-provider-http': 3.972.67
      '@aws-sdk/credential-provider-ini': 3.973.10
      '@aws-sdk/credential-provider-process': 3.972.65
      '@aws-sdk/credential-provider-sso': 3.973.9
      '@aws-sdk/credential-provider-web-identity': 3.972.71
      '@aws-sdk/types': 3.974.2
      '@smithy/core': 3.31.1
      '@smithy/credential-provider-imds': 4.4.16
      '@smithy/types': 4.16.1
      tslib: 2.8.1

  '@aws-sdk/credential-provider-process@3.972.65':
    dependencies:
      '@aws-sdk/core': 3.977.4
      '@aws-sdk/types': 3.974.2
      '@smithy/core': 3.31.1
      '@smithy/types': 4.16.1
      tslib: 2.8.1

  '@aws-sdk/credential-provider-sso@3.973.9':
    dependencies:
      '@aws-sdk/core': 3.977.4
      '@aws-sdk/nested-clients': 3.997.39
      '@aws-sdk/token-providers': 3.1100.0
      '@aws-sdk/types': 3.974.2
      '@smithy/core': 3.31.1
      '@smithy/types': 4.16.1
      tslib: 2.8.1

  '@aws-sdk/credential-provider-web-identity@3.972.71':
    dependencies:
      '@aws-sdk/core': 3.977.4
      '@aws-sdk/nested-clients': 3.997.39
      '@aws-sdk/types': 3.974.2
      '@smithy/core': 3.31.1
      '@smithy/types': 4.16.1
      tslib: 2.8.1

  '@aws-sdk/middleware-sdk-s3@3.972.70':
    dependencies:
      '@aws-sdk/core': 3.977.4
      '@aws-sdk/signature-v4-multi-region': 3.996.43
      '@aws-sdk/types': 3.974.2
      '@smithy/core': 3.31.1
      '@smithy/types': 4.16.1
      tslib: 2.8.1

  '@aws-sdk/nested-clients@3.997.39':
    dependencies:
      '@aws-sdk/core': 3.977.4
      '@aws-sdk/signature-v4-multi-region': 3.996.43
      '@aws-sdk/types': 3.974.2
      '@smithy/core': 3.31.1
      '@smithy/fetch-http-handler': 5.6.13
      '@smithy/node-http-handler': 4.9.13
      '@smithy/types': 4.16.1
      tslib: 2.8.1

  '@aws-sdk/signature-v4-multi-region@3.996.43':
    dependencies:
      '@aws-sdk/types': 3.974.2
      '@smithy/signature-v4': 5.6.12
      '@smithy/types': 4.16.1
      tslib: 2.8.1

  '@aws-sdk/token-providers@3.1100.0':
    dependencies:
      '@aws-sdk/core': 3.977.4
      '@aws-sdk/nested-clients': 3.997.39
      '@aws-sdk/types': 3.974.2
      '@smithy/core': 3.31.1
      '@smithy/types': 4.16.1
      tslib: 2.8.1

  '@aws-sdk/types@3.974.2':
    dependencies:
      '@smithy/types': 4.16.1
      tslib: 2.8.1

  '@aws-sdk/xml-builder@3.972.37':
    dependencies:
      '@smithy/types': 4.16.1
      tslib: 2.8.1

  '@aws/lambda-invoke-store@0.3.0': {}

  '@esbuild/aix-ppc64@0.28.1':
    optional: true

  '@esbuild/android-arm64@0.28.1':
    optional: true

  '@esbuild/android-arm@0.28.1':
    optional: true

  '@esbuild/android-x64@0.28.1':
    optional: true

  '@esbuild/darwin-arm64@0.28.1':
    optional: true

  '@esbuild/darwin-x64@0.28.1':
    optional: true

  '@esbuild/freebsd-arm64@0.28.1':
    optional: true

  '@esbuild/freebsd-x64@0.28.1':
    optional: true

  '@esbuild/linux-arm64@0.28.1':
    optional: true

  '@esbuild/linux-arm@0.28.1':
    optional: true

  '@esbuild/linux-ia32@0.28.1':
    optional: true

  '@esbuild/linux-loong64@0.28.1':
    optional: true

  '@esbuild/linux-mips64el@0.28.1':
    optional: true

  '@esbuild/linux-ppc64@0.28.1':
    optional: true

  '@esbuild/linux-riscv64@0.28.1':
    optional: true

  '@esbuild/linux-s390x@0.28.1':
    optional: true

  '@esbuild/linux-x64@0.28.1':
    optional: true

  '@esbuild/netbsd-arm64@0.28.1':
    optional: true

  '@esbuild/netbsd-x64@0.28.1':
    optional: true

  '@esbuild/openbsd-arm64@0.28.1':
    optional: true

  '@esbuild/openbsd-x64@0.28.1':
    optional: true

  '@esbuild/openharmony-arm64@0.28.1':
    optional: true

  '@esbuild/sunos-x64@0.28.1':
    optional: true

  '@esbuild/win32-arm64@0.28.1':
    optional: true

  '@esbuild/win32-ia32@0.28.1':
    optional: true

  '@esbuild/win32-x64@0.28.1':
    optional: true

  '@smithy/core@3.31.1':
    dependencies:
      '@smithy/types': 4.16.1
      tslib: 2.8.1

  '@smithy/credential-provider-imds@4.4.16':
    dependencies:
      '@smithy/core': 3.31.1
      '@smithy/types': 4.16.1
      tslib: 2.8.1

  '@smithy/fetch-http-handler@5.6.13':
    dependencies:
      '@smithy/core': 3.31.1
      '@smithy/types': 4.16.1
      tslib: 2.8.1

  '@smithy/node-http-handler@4.9.13':
    dependencies:
      '@smithy/core': 3.31.1
      '@smithy/types': 4.16.1
      tslib: 2.8.1

  '@smithy/signature-v4@5.6.12':
    dependencies:
      '@smithy/core': 3.31.1
      '@smithy/types': 4.16.1
      tslib: 2.8.1

  '@smithy/types@4.16.1':
    dependencies:
      tslib: 2.8.1

  bowser@2.14.1: {}

  esbuild@0.28.1:
    optionalDependencies:
      '@esbuild/aix-ppc64': 0.28.1
      '@esbuild/android-arm': 0.28.1
      '@esbuild/android-arm64': 0.28.1
      '@esbuild/android-x64': 0.28.1
      '@esbuild/darwin-arm64': 0.28.1
      '@esbuild/darwin-x64': 0.28.1
      '@esbuild/freebsd-arm64': 0.28.1
      '@esbuild/freebsd-x64': 0.28.1
      '@esbuild/linux-arm': 0.28.1
      '@esbuild/linux-arm64': 0.28.1
      '@esbuild/linux-ia32': 0.28.1
      '@esbuild/linux-loong64': 0.28.1
      '@esbuild/linux-mips64el': 0.28.1
      '@esbuild/linux-ppc64': 0.28.1
      '@esbuild/linux-riscv64': 0.28.1
      '@esbuild/linux-s390x': 0.28.1
      '@esbuild/linux-x64': 0.28.1
      '@esbuild/netbsd-arm64': 0.28.1
      '@esbuild/netbsd-x64': 0.28.1
      '@esbuild/openbsd-arm64': 0.28.1
      '@esbuild/openbsd-x64': 0.28.1
      '@esbuild/openharmony-arm64': 0.28.1
      '@esbuild/sunos-x64': 0.28.1
      '@esbuild/win32-arm64': 0.28.1
      '@esbuild/win32-ia32': 0.28.1
      '@esbuild/win32-x64': 0.28.1

  hpagent@1.2.0: {}

  tslib@2.8.1: {}
